// !$*UTF8*$!
{
	archiveVersion = 1;
	classes = {
	};
	objectVersion = 46;
	objects = {

/* Begin PBXBuildFile section */
		2188CF881B4823B800CCAB11 /* marimo.png in Resources */ = {isa = PBXBuildFile; fileRef = 2188CF871B4823B800CCAB11 /* marimo.png */; };
		21D1B1411B47F8C6001A4781 /* main.m in Sources */ = {isa = PBXBuildFile; fileRef = 21D1B1401B47F8C6001A4781 /* main.m */; };
		21D1B1441B47F8C6001A4781 /* AppDelegate.m in Sources */ = {isa = PBXBuildFile; fileRef = 21D1B1431B47F8C6001A4781 /* AppDelegate.m */; };
		21D1B1471B47F8C6001A4781 /* ViewController.m in Sources */ = {isa = PBXBuildFile; fileRef = 21D1B1461B47F8C6001A4781 /* ViewController.m */; };
		21D1B14A1B47F8C6001A4781 /* Main.storyboard in Resources */ = {isa = PBXBuildFile; fileRef = 21D1B1481B47F8C6001A4781 /* Main.storyboard */; };
		21D1B14C1B47F8C6001A4781 /* Assets.xcassets in Resources */ = {isa = PBXBuildFile; fileRef = 21D1B14B1B47F8C6001A4781 /* Assets.xcassets */; };
		21D1B14F1B47F8C6001A4781 /* LaunchScreen.storyboard in Resources */ = {isa = PBXBuildFile; fileRef = 21D1B14D1B47F8C6001A4781 /* LaunchScreen.storyboard */; };
		21D1B1541B47F8C6001A4781 /* WatchConnectivitySample WatchKit App.app in Embed Watch Content */ = {isa = PBXBuildFile; fileRef = 21D1B1531B47F8C6001A4781 /* WatchConnectivitySample WatchKit App.app */; };
		21D1B15A1B47F8C6001A4781 /* Interface.storyboard in Resources */ = {isa = PBXBuildFile; fileRef = 21D1B1581B47F8C6001A4781 /* Interface.storyboard */; };
		21D1B15C1B47F8C6001A4781 /* Assets.xcassets in Resources */ = {isa = PBXBuildFile; fileRef = 21D1B15B1B47F8C6001A4781 /* Assets.xcassets */; };
		21D1B1631B47F8C6001A4781 /* WatchConnectivitySample WatchKit Extension.appex in Embed App Extensions */ = {isa = PBXBuildFile; fileRef = 21D1B1621B47F8C6001A4781 /* WatchConnectivitySample WatchKit Extension.appex */; settings = {ATTRIBUTES = (RemoveHeadersOnCopy, ); }; };
		21D1B1691B47F8C6001A4781 /* InterfaceController.m in Sources */ = {isa = PBXBuildFile; fileRef = 21D1B1681B47F8C6001A4781 /* InterfaceController.m */; };
		21D1B16C1B47F8C6001A4781 /* ExtensionDelegate.m in Sources */ = {isa = PBXBuildFile; fileRef = 21D1B16B1B47F8C6001A4781 /* ExtensionDelegate.m */; };
		21D1B16E1B47F8C6001A4781 /* Assets.xcassets in Resources */ = {isa = PBXBuildFile; fileRef = 21D1B16D1B47F8C6001A4781 /* Assets.xcassets */; };
/* End PBXBuildFile section */

/* Begin PBXContainerItemProxy section */
		21D1B1551B47F8C6001A4781 /* PBXContainerItemProxy */ = {
			isa = PBXContainerItemProxy;
			containerPortal = 21D1B1341B47F8C6001A4781 /* Project object */;
			proxyType = 1;
			remoteGlobalIDString = 21D1B1521B47F8C6001A4781;
			remoteInfo = "WatchConnectivitySample WatchKit App";
		};
		21D1B1641B47F8C6001A4781 /* PBXContainerItemProxy */ = {
			isa = PBXContainerItemProxy;
			containerPortal = 21D1B1341B47F8C6001A4781 /* Project object */;
			proxyType = 1;
			remoteGlobalIDString = 21D1B1611B47F8C6001A4781;
			remoteInfo = "WatchConnectivitySample WatchKit Extension";
		};
/* End PBXContainerItemProxy section */

/* Begin PBXCopyFilesBuildPhase section */
		21D1B1751B47F8C6001A4781 /* Embed App Extensions */ = {
			isa = PBXCopyFilesBuildPhase;
			buildActionMask = 2147483647;
			dstPath = "";
			dstSubfolderSpec = 13;
			files = (
				21D1B1631B47F8C6001A4781 /* WatchConnectivitySample WatchKit Extension.appex in Embed App Extensions */,
			);
			name = "Embed App Extensions";
			runOnlyForDeploymentPostprocessing = 0;
		};
		21D1B1791B47F8C6001A4781 /* Embed Watch Content */ = {
			isa = PBXCopyFilesBuildPhase;
			buildActionMask = 2147483647;
			dstPath = "$(CONTENTS_FOLDER_PATH)/Watch";
			dstSubfolderSpec = 16;
			files = (
				21D1B1541B47F8C6001A4781 /* WatchConnectivitySample WatchKit App.app in Embed Watch Content */,
			);
			name = "Embed Watch Content";
			runOnlyForDeploymentPostprocessing = 0;
		};
/* End PBXCopyFilesBuildPhase section */

/* Begin PBXFileReference section */
		2188CF871B4823B800CCAB11 /* marimo.png */ = {isa = PBXFileReference; lastKnownFileType = image.png; path = marimo.png; sourceTree = "<group>"; };
		21D1B13C1B47F8C6001A4781 /* WatchConnectivitySample.app */ = {isa = PBXFileReference; explicitFileType = wrapper.application; includeInIndex = 0; path = WatchConnectivitySample.app; sourceTree = BUILT_PRODUCTS_DIR; };
		21D1B1401B47F8C6001A4781 /* main.m */ = {isa = PBXFileReference; lastKnownFileType = sourcecode.c.objc; path = main.m; sourceTree = "<group>"; };
		21D1B1421B47F8C6001A4781 /* AppDelegate.h */ = {isa = PBXFileReference; lastKnownFileType = sourcecode.c.h; path = AppDelegate.h; sourceTree = "<group>"; };
		21D1B1431B47F8C6001A4781 /* AppDelegate.m */ = {isa = PBXFileReference; lastKnownFileType = sourcecode.c.objc; path = AppDelegate.m; sourceTree = "<group>"; };
		21D1B1451B47F8C6001A4781 /* ViewController.h */ = {isa = PBXFileReference; lastKnownFileType = sourcecode.c.h; path = ViewController.h; sourceTree = "<group>"; };
		21D1B1461B47F8C6001A4781 /* ViewController.m */ = {isa = PBXFileReference; lastKnownFileType = sourcecode.c.objc; path = ViewController.m; sourceTree = "<group>"; };
		21D1B1491B47F8C6001A4781 /* Base */ = {isa = PBXFileReference; lastKnownFileType = file.storyboard; name = Base; path = Base.lproj/Main.storyboard; sourceTree = "<group>"; };
		21D1B14B1B47F8C6001A4781 /* Assets.xcassets */ = {isa = PBXFileReference; lastKnownFileType = folder.assetcatalog; path = Assets.xcassets; sourceTree = "<group>"; };
		21D1B14E1B47F8C6001A4781 /* Base */ = {isa = PBXFileReference; lastKnownFileType = file.storyboard; name = Base; path = Base.lproj/LaunchScreen.storyboard; sourceTree = "<group>"; };
		21D1B1501B47F8C6001A4781 /* Info.plist */ = {isa = PBXFileReference; lastKnownFileType = text.plist.xml; path = Info.plist; sourceTree = "<group>"; };
		21D1B1531B47F8C6001A4781 /* WatchConnectivitySample WatchKit App.app */ = {isa = PBXFileReference; explicitFileType = wrapper.application; includeInIndex = 0; path = "WatchConnectivitySample WatchKit App.app"; sourceTree = BUILT_PRODUCTS_DIR; };
		21D1B1591B47F8C6001A4781 /* Base */ = {isa = PBXFileReference; lastKnownFileType = file.storyboard; name = Base; path = Base.lproj/Interface.storyboard; sourceTree = "<group>"; };
		21D1B15B1B47F8C6001A4781 /* Assets.xcassets */ = {isa = PBXFileReference; lastKnownFileType = folder.assetcatalog; path = Assets.xcassets; sourceTree = "<group>"; };
		21D1B15D1B47F8C6001A4781 /* Info.plist */ = {isa = PBXFileReference; lastKnownFileType = text.plist.xml; path = Info.plist; sourceTree = "<group>"; };
		21D1B1621B47F8C6001A4781 /* WatchConnectivitySample WatchKit Extension.appex */ = {isa = PBXFileReference; explicitFileType = "wrapper.app-extension"; includeInIndex = 0; path = "WatchConnectivitySample WatchKit Extension.appex"; sourceTree = BUILT_PRODUCTS_DIR; };
		21D1B1671B47F8C6001A4781 /* InterfaceController.h */ = {isa = PBXFileReference; lastKnownFileType = sourcecode.c.h; path = InterfaceController.h; sourceTree = "<group>"; };
		21D1B1681B47F8C6001A4781 /* InterfaceController.m */ = {isa = PBXFileReference; lastKnownFileType = sourcecode.c.objc; path = InterfaceController.m; sourceTree = "<group>"; };
		21D1B16A1B47F8C6001A4781 /* ExtensionDelegate.h */ = {isa = PBXFileReference; lastKnownFileType = sourcecode.c.h; path = ExtensionDelegate.h; sourceTree = "<group>"; };
		21D1B16B1B47F8C6001A4781 /* ExtensionDelegate.m */ = {isa = PBXFileReference; lastKnownFileType = sourcecode.c.objc; path = ExtensionDelegate.m; sourceTree = "<group>"; };
		21D1B16D1B47F8C6001A4781 /* Assets.xcassets */ = {isa = PBXFileReference; lastKnownFileType = folder.assetcatalog; path = Assets.xcassets; sourceTree = "<group>"; };
		21D1B16F1B47F8C6001A4781 /* Info.plist */ = {isa = PBXFileReference; lastKnownFileType = text.plist.xml; path = Info.plist; sourceTree = "<group>"; };
/* End PBXFileReference section */

/* Begin PBXFrameworksBuildPhase section */
		21D1B1391B47F8C6001A4781 /* Frameworks */ = {
			isa = PBXFrameworksBuildPhase;
			buildActionMask = 2147483647;
			files = (
			);
			runOnlyForDeploymentPostprocessing = 0;
		};
		21D1B15F1B47F8C6001A4781 /* Frameworks */ = {
			isa = PBXFrameworksBuildPhase;
			buildActionMask = 2147483647;
			files = (
			);
			runOnlyForDeploymentPostprocessing = 0;
		};
/* End PBXFrameworksBuildPhase section */

/* Begin PBXGroup section */
		21D1B1331B47F8C6001A4781 = {
			isa = PBXGroup;
			children = (
				21D1B13E1B47F8C6001A4781 /* WatchConnectivitySample */,
				21D1B1571B47F8C6001A4781 /* WatchConnectivitySample WatchKit App */,
				21D1B1661B47F8C6001A4781 /* WatchConnectivitySample WatchKit Extension */,
				21D1B13D1B47F8C6001A4781 /* Products */,
			);
			sourceTree = "<group>";
		};
		21D1B13D1B47F8C6001A4781 /* Products */ = {
			isa = PBXGroup;
			children = (
				21D1B13C1B47F8C6001A4781 /* WatchConnectivitySample.app */,
				21D1B1531B47F8C6001A4781 /* WatchConnectivitySample WatchKit App.app */,
				21D1B1621B47F8C6001A4781 /* WatchConnectivitySample WatchKit Extension.appex */,
			);
			name = Products;
			sourceTree = "<group>";
		};
		21D1B13E1B47F8C6001A4781 /* WatchConnectivitySample */ = {
			isa = PBXGroup;
			children = (
				21D1B1421B47F8C6001A4781 /* AppDelegate.h */,
				21D1B1431B47F8C6001A4781 /* AppDelegate.m */,
				21D1B1451B47F8C6001A4781 /* ViewController.h */,
				21D1B1461B47F8C6001A4781 /* ViewController.m */,
				21D1B1481B47F8C6001A4781 /* Main.storyboard */,
				21D1B14B1B47F8C6001A4781 /* Assets.xcassets */,
				21D1B14D1B47F8C6001A4781 /* LaunchScreen.storyboard */,
				21D1B1501B47F8C6001A4781 /* Info.plist */,
				21D1B13F1B47F8C6001A4781 /* Supporting Files */,
			);
			path = WatchConnectivitySample;
			sourceTree = "<group>";
		};
		21D1B13F1B47F8C6001A4781 /* Supporting Files */ = {
			isa = PBXGroup;
			children = (
				2188CF871B4823B800CCAB11 /* marimo.png */,
				21D1B1401B47F8C6001A4781 /* main.m */,
			);
			name = "Supporting Files";
			sourceTree = "<group>";
		};
		21D1B1571B47F8C6001A4781 /* WatchConnectivitySample WatchKit App */ = {
			isa = PBXGroup;
			children = (
				21D1B1581B47F8C6001A4781 /* Interface.storyboard */,
				21D1B15B1B47F8C6001A4781 /* Assets.xcassets */,
				21D1B15D1B47F8C6001A4781 /* Info.plist */,
			);
			path = "WatchConnectivitySample WatchKit App";
			sourceTree = "<group>";
		};
		21D1B1661B47F8C6001A4781 /* WatchConnectivitySample WatchKit Extension */ = {
			isa = PBXGroup;
			children = (
				21D1B1671B47F8C6001A4781 /* InterfaceController.h */,
				21D1B1681B47F8C6001A4781 /* InterfaceController.m */,
				21D1B16A1B47F8C6001A4781 /* ExtensionDelegate.h */,
				21D1B16B1B47F8C6001A4781 /* ExtensionDelegate.m */,
				21D1B16D1B47F8C6001A4781 /* Assets.xcassets */,
				21D1B16F1B47F8C6001A4781 /* Info.plist */,
			);
			path = "WatchConnectivitySample WatchKit Extension";
			sourceTree = "<group>";
		};
/* End PBXGroup section */

/* Begin PBXNativeTarget section */
		21D1B13B1B47F8C6001A4781 /* WatchConnectivitySample */ = {
			isa = PBXNativeTarget;
			buildConfigurationList = 21D1B17A1B47F8C6001A4781 /* Build configuration list for PBXNativeTarget "WatchConnectivitySample" */;
			buildPhases = (
				21D1B1381B47F8C6001A4781 /* Sources */,
				21D1B1391B47F8C6001A4781 /* Frameworks */,
				21D1B13A1B47F8C6001A4781 /* Resources */,
				21D1B1791B47F8C6001A4781 /* Embed Watch Content */,
			);
			buildRules = (
			);
			dependencies = (
				21D1B1561B47F8C6001A4781 /* PBXTargetDependency */,
			);
			name = WatchConnectivitySample;
			productName = WatchConnectivitySample;
			productReference = 21D1B13C1B47F8C6001A4781 /* WatchConnectivitySample.app */;
			productType = "com.apple.product-type.application";
		};
		21D1B1521B47F8C6001A4781 /* WatchConnectivitySample WatchKit App */ = {
			isa = PBXNativeTarget;
			buildConfigurationList = 21D1B1761B47F8C6001A4781 /* Build configuration list for PBXNativeTarget "WatchConnectivitySample WatchKit App" */;
			buildPhases = (
				21D1B1511B47F8C6001A4781 /* Resources */,
				21D1B1751B47F8C6001A4781 /* Embed App Extensions */,
			);
			buildRules = (
			);
			dependencies = (
				21D1B1651B47F8C6001A4781 /* PBXTargetDependency */,
			);
			name = "WatchConnectivitySample WatchKit App";
			productName = "WatchConnectivitySample WatchKit App";
			productReference = 21D1B1531B47F8C6001A4781 /* WatchConnectivitySample WatchKit App.app */;
			productType = "com.apple.product-type.application.watchapp2";
		};
		21D1B1611B47F8C6001A4781 /* WatchConnectivitySample WatchKit Extension */ = {
			isa = PBXNativeTarget;
			buildConfigurationList = 21D1B1721B47F8C6001A4781 /* Build configuration list for PBXNativeTarget "WatchConnectivitySample WatchKit Extension" */;
			buildPhases = (
				21D1B15E1B47F8C6001A4781 /* Sources */,
				21D1B15F1B47F8C6001A4781 /* Frameworks */,
				21D1B1601B47F8C6001A4781 /* Resources */,
			);
			buildRules = (
			);
			dependencies = (
			);
			name = "WatchConnectivitySample WatchKit Extension";
			productName = "WatchConnectivitySample WatchKit Extension";
			productReference = 21D1B1621B47F8C6001A4781 /* WatchConnectivitySample WatchKit Extension.appex */;
			productType = "com.apple.product-type.watchkit2-extension";
		};
/* End PBXNativeTarget section */

/* Begin PBXProject section */
		21D1B1341B47F8C6001A4781 /* Project object */ = {
			isa = PBXProject;
			attributes = {
				LastUpgradeCheck = 0700;
				ORGANIZATIONNAME = "Kosuke Ogawa";
				TargetAttributes = {
					21D1B13B1B47F8C6001A4781 = {
						CreatedOnToolsVersion = 7.0;
						DevelopmentTeam = 4SA8237VUA;
					};
					21D1B1521B47F8C6001A4781 = {
						CreatedOnToolsVersion = 7.0;
						DevelopmentTeam = 4SA8237VUA;
					};
					21D1B1611B47F8C6001A4781 = {
						CreatedOnToolsVersion = 7.0;
						DevelopmentTeam = 4SA8237VUA;
					};
				};
			};
			buildConfigurationList = 21D1B1371B47F8C6001A4781 /* Build configuration list for PBXProject "WatchConnectivitySample" */;
			compatibilityVersion = "Xcode 3.2";
			developmentRegion = English;
			hasScannedForEncodings = 0;
			knownRegions = (
				en,
				Base,
			);
			mainGroup = 21D1B1331B47F8C6001A4781;
			productRefGroup = 21D1B13D1B47F8C6001A4781 /* Products */;
			projectDirPath = "";
			projectRoot = "";
			targets = (
				21D1B13B1B47F8C6001A4781 /* WatchConnectivitySample */,
				21D1B1521B47F8C6001A4781 /* WatchConnectivitySample WatchKit App */,
				21D1B1611B47F8C6001A4781 /* WatchConnectivitySample WatchKit Extension */,
			);
		};
/* End PBXProject section */

/* Begin PBXResourcesBuildPhase section */
		21D1B13A1B47F8C6001A4781 /* Resources */ = {
			isa = PBXResourcesBuildPhase;
			buildActionMask = 2147483647;
			files = (
				21D1B14F1B47F8C6001A4781 /* LaunchScreen.storyboard in Resources */,
				21D1B14C1B47F8C6001A4781 /* Assets.xcassets in Resources */,
				2188CF881B4823B800CCAB11 /* marimo.png in Resources */,
				21D1B14A1B47F8C6001A4781 /* Main.storyboard in Resources */,
			);
			runOnlyForDeploymentPostprocessing = 0;
		};
		21D1B1511B47F8C6001A4781 /* Resources */ = {
			isa = PBXResourcesBuildPhase;
			buildActionMask = 2147483647;
			files = (
				21D1B15C1B47F8C6001A4781 /* Assets.xcassets in Resources */,
				21D1B15A1B47F8C6001A4781 /* Interface.storyboard in Resources */,
			);
			runOnlyForDeploymentPostprocessing = 0;
		};
		21D1B1601B47F8C6001A4781 /* Resources */ = {
			isa = PBXResourcesBuildPhase;
			buildActionMask = 2147483647;
			files = (
				21D1B16E1B47F8C6001A4781 /* Assets.xcassets in Resources */,
			);
			runOnlyForDeploymentPostprocessing = 0;
		};
/* End PBXResourcesBuildPhase section */

/* Begin PBXSourcesBuildPhase section */
		21D1B1381B47F8C6001A4781 /* Sources */ = {
			isa = PBXSourcesBuildPhase;
			buildActionMask = 2147483647;
			files = (
				21D1B1471B47F8C6001A4781 /* ViewController.m in Sources */,
				21D1B1441B47F8C6001A4781 /* AppDelegate.m in Sources */,
				21D1B1411B47F8C6001A4781 /* main.m in Sources */,
			);
			runOnlyForDeploymentPostprocessing = 0;
		};
		21D1B15E1B47F8C6001A4781 /* Sources */ = {
			isa = PBXSourcesBuildPhase;
			buildActionMask = 2147483647;
			files = (
				21D1B16C1B47F8C6001A4781 /* ExtensionDelegate.m in Sources */,
				21D1B1691B47F8C6001A4781 /* InterfaceController.m in Sources */,
			);
			runOnlyForDeploymentPostprocessing = 0;
		};
/* End PBXSourcesBuildPhase section */

/* Begin PBXTargetDependency section */
		21D1B1561B47F8C6001A4781 /* PBXTargetDependency */ = {
			isa = PBXTargetDependency;
			target = 21D1B1521B47F8C6001A4781 /* WatchConnectivitySample WatchKit App */;
			targetProxy = 21D1B1551B47F8C6001A4781 /* PBXContainerItemProxy */;
		};
		21D1B1651B47F8C6001A4781 /* PBXTargetDependency */ = {
			isa = PBXTargetDependency;
			target = 21D1B1611B47F8C6001A4781 /* WatchConnectivitySample WatchKit Extension */;
			targetProxy = 21D1B1641B47F8C6001A4781 /* PBXContainerItemProxy */;
		};
/* End PBXTargetDependency section */

/* Begin PBXVariantGroup section */
		21D1B1481B47F8C6001A4781 /* Main.storyboard */ = {
			isa = PBXVariantGroup;
			children = (
				21D1B1491B47F8C6001A4781 /* Base */,
			);
			name = Main.storyboard;
			sourceTree = "<group>";
		};
		21D1B14D1B47F8C6001A4781 /* LaunchScreen.storyboard */ = {
			isa = PBXVariantGroup;
			children = (
				21D1B14E1B47F8C6001A4781 /* Base */,
			);
			name = LaunchScreen.storyboard;
			sourceTree = "<group>";
		};
		21D1B1581B47F8C6001A4781 /* Interface.storyboard */ = {
			isa = PBXVariantGroup;
			children = (
				21D1B1591B47F8C6001A4781 /* Base */,
			);
			name = Interface.storyboard;
			sourceTree = "<group>";
		};
/* End PBXVariantGroup section */

/* Begin XCBuildConfiguration section */
		21D1B1701B47F8C6001A4781 /* Debug */ = {
			isa = XCBuildConfiguration;
			buildSettings = {
				ALWAYS_SEARCH_USER_PATHS = NO;
				CLANG_CXX_LANGUAGE_STANDARD = "gnu++0x";
				CLANG_CXX_LIBRARY = "libc++";
				CLANG_ENABLE_MODULES = YES;
				CLANG_ENABLE_OBJC_ARC = YES;
				CLANG_WARN_BOOL_CONVERSION = YES;
				CLANG_WARN_CONSTANT_CONVERSION = YES;
				CLANG_WARN_DIRECT_OBJC_ISA_USAGE = YES_ERROR;
				CLANG_WARN_EMPTY_BODY = YES;
				CLANG_WARN_ENUM_CONVERSION = YES;
				CLANG_WARN_INT_CONVERSION = YES;
				CLANG_WARN_OBJC_ROOT_CLASS = YES_ERROR;
				CLANG_WARN_UNREACHABLE_CODE = YES;
				CLANG_WARN__DUPLICATE_METHOD_MATCH = YES;
				"CODE_SIGN_IDENTITY[sdk=iphoneos*]" = "iPhone Developer";
				COPY_PHASE_STRIP = NO;
				DEBUG_INFORMATION_FORMAT = dwarf;
				ENABLE_STRICT_OBJC_MSGSEND = YES;
				ENABLE_TESTABILITY = YES;
				GCC_C_LANGUAGE_STANDARD = gnu99;
				GCC_DYNAMIC_NO_PIC = NO;
				GCC_NO_COMMON_BLOCKS = YES;
				GCC_OPTIMIZATION_LEVEL = 0;
				GCC_PREPROCESSOR_DEFINITIONS = (
					"DEBUG=1",
					"$(inherited)",
				);
				GCC_WARN_64_TO_32_BIT_CONVERSION = YES;
				GCC_WARN_ABOUT_RETURN_TYPE = YES_ERROR;
				GCC_WARN_UNDECLARED_SELECTOR = YES;
				GCC_WARN_UNINITIALIZED_AUTOS = YES_AGGRESSIVE;
				GCC_WARN_UNUSED_FUNCTION = YES;
				GCC_WARN_UNUSED_VARIABLE = YES;
				IPHONEOS_DEPLOYMENT_TARGET = 9.0;
				MTL_ENABLE_DEBUG_INFO = YES;
				ONLY_ACTIVE_ARCH = YES;
				SDKROOT = iphoneos;
			};
			name = Debug;
		};
		21D1B1711B47F8C6001A4781 /* Release */ = {
			isa = XCBuildConfiguration;
			buildSettings = {
				ALWAYS_SEARCH_USER_PATHS = NO;
				CLANG_CXX_LANGUAGE_STANDARD = "gnu++0x";
				CLANG_CXX_LIBRARY = "libc++";
				CLANG_ENABLE_MODULES = YES;
				CLANG_ENABLE_OBJC_ARC = YES;
				CLANG_WARN_BOOL_CONVERSION = YES;
				CLANG_WARN_CONSTANT_CONVERSION = YES;
				CLANG_WARN_DIRECT_OBJC_ISA_USAGE = YES_ERROR;
				CLANG_WARN_EMPTY_BODY = YES;
				CLANG_WARN_ENUM_CONVERSION = YES;
				CLANG_WARN_INT_CONVERSION = YES;
				CLANG_WARN_OBJC_ROOT_CLASS = YES_ERROR;
				CLANG_WARN_UNREACHABLE_CODE = YES;
				CLANG_WARN__DUPLICATE_METHOD_MATCH = YES;
				"CODE_SIGN_IDENTITY[sdk=iphoneos*]" = "iPhone Developer";
				COPY_PHASE_STRIP = NO;
				DEBUG_INFORMATION_FORMAT = "dwarf-with-dsym";
				ENABLE_NS_ASSERTIONS = NO;
				ENABLE_STRICT_OBJC_MSGSEND = YES;
				GCC_C_LANGUAGE_STANDARD = gnu99;
				GCC_NO_COMMON_BLOCKS = YES;
				GCC_WARN_64_TO_32_BIT_CONVERSION = YES;
				GCC_WARN_ABOUT_RETURN_TYPE = YES_ERROR;
				GCC_WARN_UNDECLARED_SELECTOR = YES;
				GCC_WARN_UNINITIALIZED_AUTOS = YES_AGGRESSIVE;
				GCC_WARN_UNUSED_FUNCTION = YES;
				GCC_WARN_UNUSED_VARIABLE = YES;
				IPHONEOS_DEPLOYMENT_TARGET = 9.0;
				MTL_ENABLE_DEBUG_INFO = NO;
				SDKROOT = iphoneos;
				VALIDATE_PRODUCT = YES;
			};
			name = Release;
		};
		21D1B1731B47F8C6001A4781 /* Debug */ = {
			isa = XCBuildConfiguration;
			buildSettings = {
				CODE_SIGN_IDENTITY = "iPhone Developer";
				"CODE_SIGN_IDENTITY[sdk=watchos*]" = "iPhone Developer";
				INFOPLIST_FILE = "WatchConnectivitySample WatchKit Extension/Info.plist";
				LD_RUNPATH_SEARCH_PATHS = "$(inherited) @executable_path/Frameworks @executable_path/../../Frameworks";
				PRODUCT_BUNDLE_IDENTIFIER = com.koogawa.WatchConnectivitySample.watchkitapp.watchkitextension;
				PRODUCT_NAME = "${TARGET_NAME}";
				SDKROOT = watchos;
				SKIP_INSTALL = YES;
				TARGETED_DEVICE_FAMILY = 4;
				WATCHOS_DEPLOYMENT_TARGET = 2.0;
			};
			name = Debug;
		};
		21D1B1741B47F8C6001A4781 /* Release */ = {
			isa = XCBuildConfiguration;
			buildSettings = {
				CODE_SIGN_IDENTITY = "iPhone Developer";
				"CODE_SIGN_IDENTITY[sdk=watchos*]" = "iPhone Developer";
				INFOPLIST_FILE = "WatchConnectivitySample WatchKit Extension/Info.plist";
				LD_RUNPATH_SEARCH_PATHS = "$(inherited) @executable_path/Frameworks @executable_path/../../Frameworks";
				PRODUCT_BUNDLE_IDENTIFIER = com.koogawa.WatchConnectivitySample.watchkitapp.watchkitextension;
				PRODUCT_NAME = "${TARGET_NAME}";
				SDKROOT = watchos;
				SKIP_INSTALL = YES;
				TARGETED_DEVICE_FAMILY = 4;
				WATCHOS_DEPLOYMENT_TARGET = 2.0;
			};
			name = Release;
		};
		21D1B1771B47F8C6001A4781 /* Debug */ = {
			isa = XCBuildConfiguration;
			buildSettings = {
				ASSETCATALOG_COMPILER_APPICON_NAME = AppIcon;
				CODE_SIGN_IDENTITY = "iPhone Developer";
				"CODE_SIGN_IDENTITY[sdk=watchos*]" = "iPhone Developer";
				IBSC_MODULE = WatchConnectivitySample_WatchKit_Extension;
				INFOPLIST_FILE = "WatchConnectivitySample WatchKit App/Info.plist";
				PRODUCT_BUNDLE_IDENTIFIER = com.koogawa.WatchConnectivitySample.watchkitapp;
				PRODUCT_NAME = "$(TARGET_NAME)";
				SDKROOT = watchos;
				SKIP_INSTALL = YES;
				TARGETED_DEVICE_FAMILY = 4;
				WATCHOS_DEPLOYMENT_TARGET = 2.0;
			};
			name = Debug;
		};
		21D1B1781B47F8C6001A4781 /* Release */ = {
			isa = XCBuildConfiguration;
			buildSettings = {
				ASSETCATALOG_COMPILER_APPICON_NAME = AppIcon;
				CODE_SIGN_IDENTITY = "iPhone Developer";
				"CODE_SIGN_IDENTITY[sdk=watchos*]" = "iPhone Developer";
				IBSC_MODULE = WatchConnectivitySample_WatchKit_Extension;
				INFOPLIST_FILE = "WatchConnectivitySample WatchKit App/Info.plist";
				PRODUCT_BUNDLE_IDENTIFIER = com.koogawa.WatchConnectivitySample.watchkitapp;
				PRODUCT_NAME = "$(TARGET_NAME)";
				SDKROOT = watchos;
				SKIP_INSTALL = YES;
				TARGETED_DEVICE_FAMILY = 4;
				WATCHOS_DEPLOYMENT_TARGET = 2.0;
			};
			name = Release;
		};
		21D1B17B1B47F8C6001A4781 /* Debug */ = {
			isa = XCBuildConfiguration;
			buildSettings = {
				ASSETCATALOG_COMPILER_APPICON_NAME = AppIcon;
				CODE_SIGN_IDENTITY = "iPhone Developer";
				INFOPLIST_FILE = WatchConnectivitySample/Info.plist;
				LD_RUNPATH_SEARCH_PATHS = "$(inherited) @executable_path/Frameworks";
				PRODUCT_BUNDLE_IDENTIFIER = com.koogawa.WatchConnectivitySample;
				PRODUCT_NAME = "$(TARGET_NAME)";
			};
			name = Debug;
		};
		21D1B17C1B47F8C6001A4781 /* Release */ = {
			isa = XCBuildConfiguration;
			buildSettings = {
				ASSETCATALOG_COMPILER_APPICON_NAME = AppIcon;
				CODE_SIGN_IDENTITY = "iPhone Developer";
				INFOPLIST_FILE = WatchConnectivitySample/Info.plist;
				LD_RUNPATH_SEARCH_PATHS = "$(inherited) @executable_path/Frameworks";
				PRODUCT_BUNDLE_IDENTIFIER = com.koogawa.WatchConnectivitySample;
				PRODUCT_NAME = "$(TARGET_NAME)";
			};
			name = Release;
		};
/* End XCBuildConfiguration section */

/* Begin XCConfigurationList section */
		21D1B1371B47F8C6001A4781 /* Build configuration list for PBXProject "WatchConnectivitySample" */ = {
			isa = XCConfigurationList;
			buildConfigurations = (
				21D1B1701B47F8C6001A4781 /* Debug */,
				21D1B1711B47F8C6001A4781 /* Release */,
			);
			defaultConfigurationIsVisible = 0;
			defaultConfigurationName = Release;
		};
		21D1B1721B47F8C6001A4781 /* Build configuration list for PBXNativeTarget "WatchConnectivitySample WatchKit Extension" */ = {
			isa = XCConfigurationList;
			buildConfigurations = (
				21D1B1731B47F8C6001A4781 /* Debug */,
				21D1B1741B47F8C6001A4781 /* Release */,
			);
			defaultConfigurationIsVisible = 0;
			defaultConfigurationName = Release;
		};
		21D1B1761B47F8C6001A4781 /* Build configuration list for PBXNativeTarget "WatchConnectivitySample WatchKit App" */ = {
			isa = XCConfigurationList;
			buildConfigurations = (
				21D1B1771B47F8C6001A4781 /* Debug */,
				21D1B1781B47F8C6001A4781 /* Release */,
			);
			defaultConfigurationIsVisible = 0;
			defaultConfigurationName = Release;
		};
		21D1B17A1B47F8C6001A4781 /* Build configuration list for PBXNativeTarget "WatchConnectivitySample" */ = {
			isa = XCConfigurationList;
			buildConfigurations = (
				21D1B17B1B47F8C6001A4781 /* Debug */,
				21D1B17C1B47F8C6001A4781 /* Release */,
			);
			defaultConfigurationIsVisible = 0;
			defaultConfigurationName = Release;
		};
/* End XCConfigurationList section */
	};
	rootObject = 21D1B1341B47F8C6001A4781 /* Project object */;
}
